// !$*UTF8*$!
{
	archiveVersion = 1;
	classes = {
	};
	objectVersion = 77;
	objects = {

/* Begin PBXBuildFile section */
		7EC43D7C2DB0A34A008DE1C8 /* WebTeX Extension.appex in Embed Foundation Extensions */ = {isa = PBXBuildFile; fileRef = 7EC43D7B2DB0A34A008DE1C8 /* WebTeX Extension.appex */; settings = {ATTRIBUTES = (RemoveHeadersOnCopy, ); }; };
		7EC43D862DB0A34A008DE1C8 /* WebTeX Extension.appex in Embed Foundation Extensions */ = {isa = PBXBuildFile; fileRef = 7EC43D852DB0A34A008DE1C8 /* WebTeX Extension.appex */; settings = {ATTRIBUTES = (RemoveHeadersOnCopy, ); }; };
/* End PBXBuildFile section */

/* Begin PBXContainerItemProxy section */
		7EC43D7D2DB0A34A008DE1C8 /* PBXContainerItemProxy */ = {
			isa = PBXContainerItemProxy;
			containerPortal = 7EC43D412DB0A349008DE1C8 /* Project object */;
			proxyType = 1;
			remoteGlobalIDString = 7EC43D7A2DB0A34A008DE1C8;
			remoteInfo = "WebTeX Extension (iOS)";
		};
		7EC43D872DB0A34A008DE1C8 /* PBXContainerItemProxy */ = {
			isa = PBXContainerItemProxy;
			containerPortal = 7EC43D412DB0A349008DE1C8 /* Project object */;
			proxyType = 1;
			remoteGlobalIDString = 7EC43D842DB0A34A008DE1C8;
			remoteInfo = "WebTeX Extension (macOS)";
		};
/* End PBXContainerItemProxy section */

/* Begin PBXCopyFilesBuildPhase section */
		7EC43DAF2DB0A34A008DE1C8 /* Embed Foundation Extensions */ = {
			isa = PBXCopyFilesBuildPhase;
			buildActionMask = 2147483647;
			dstPath = "";
			dstSubfolderSpec = 13;
			files = (
				7EC43D7C2DB0A34A008DE1C8 /* WebTeX Extension.appex in Embed Foundation Extensions */,
			);
			name = "Embed Foundation Extensions";
			runOnlyForDeploymentPostprocessing = 0;
		};
		7EC43DB92DB0A34A008DE1C8 /* Embed Foundation Extensions */ = {
			isa = PBXCopyFilesBuildPhase;
			buildActionMask = 2147483647;
			dstPath = "";
			dstSubfolderSpec = 13;
			files = (
				7EC43D862DB0A34A008DE1C8 /* WebTeX Extension.appex in Embed Foundation Extensions */,
			);
			name = "Embed Foundation Extensions";
			runOnlyForDeploymentPostprocessing = 0;
		};
/* End PBXCopyFilesBuildPhase section */

/* Begin PBXFileReference section */
		7E166F2A2DB5ED7800C5C49D /* WebTeX (iOS).entitlements */ = {isa = PBXFileReference; lastKnownFileType = text.plist.entitlements; path = "WebTeX (iOS).entitlements"; sourceTree = "<group>"; };
		7EC43D5D2DB0A34A008DE1C8 /* WebTeX.app */ = {isa = PBXFileReference; explicitFileType = wrapper.application; includeInIndex = 0; path = WebTeX.app; sourceTree = BUILT_PRODUCTS_DIR; };
		7EC43D6F2DB0A34A008DE1C8 /* WebTeX.app */ = {isa = PBXFileReference; explicitFileType = wrapper.application; includeInIndex = 0; path = WebTeX.app; sourceTree = BUILT_PRODUCTS_DIR; };
		7EC43D7B2DB0A34A008DE1C8 /* WebTeX Extension.appex */ = {isa = PBXFileReference; explicitFileType = "wrapper.app-extension"; includeInIndex = 0; path = "WebTeX Extension.appex"; sourceTree = BUILT_PRODUCTS_DIR; };
		7EC43D852DB0A34A008DE1C8 /* WebTeX Extension.appex */ = {isa = PBXFileReference; explicitFileType = "wrapper.app-extension"; includeInIndex = 0; path = "WebTeX Extension.appex"; sourceTree = BUILT_PRODUCTS_DIR; };
/* End PBXFileReference section */

/* Begin PBXFileSystemSynchronizedBuildFileExceptionSet section */
		7EC43DAA2DB0A34A008DE1C8 /* Exceptions for "Shared (App)" folder in "WebTeX (iOS)" target */ = {
			isa = PBXFileSystemSynchronizedBuildFileExceptionSet;
			membershipExceptions = (
				"/Localized: Resources/Main.html",
				Assets.xcassets,
				Resources/Icon.png,
				Resources/Script.js,
				Resources/Style.css,
				ViewController.swift,
			);
			target = 7EC43D5C2DB0A34A008DE1C8 /* WebTeX (iOS) */;
		};
		7EC43DAE2DB0A34A008DE1C8 /* Exceptions for "iOS (Extension)" folder in "WebTeX Extension (iOS)" target */ = {
			isa = PBXFileSystemSynchronizedBuildFileExceptionSet;
			membershipExceptions = (
				Info.plist,
			);
			target = 7EC43D7A2DB0A34A008DE1C8 /* WebTeX Extension (iOS) */;
		};
		7EC43DB32DB0A34A008DE1C8 /* Exceptions for "iOS (App)" folder in "WebTeX (iOS)" target */ = {
			isa = PBXFileSystemSynchronizedBuildFileExceptionSet;
			membershipExceptions = (
				Info.plist,
			);
			target = 7EC43D5C2DB0A34A008DE1C8 /* WebTeX (iOS) */;
		};
		7EC43DB42DB0A34A008DE1C8 /* Exceptions for "Shared (App)" folder in "WebTeX (macOS)" target */ = {
			isa = PBXFileSystemSynchronizedBuildFileExceptionSet;
			membershipExceptions = (
				"/Localized: Resources/Main.html",
				Assets.xcassets,
				Resources/Icon.png,
				Resources/Script.js,
				Resources/Style.css,
				ViewController.swift,
			);
			target = 7EC43D6E2DB0A34A008DE1C8 /* WebTeX (macOS) */;
		};
		7EC43DB82DB0A34A008DE1C8 /* Exceptions for "macOS (Extension)" folder in "WebTeX Extension (macOS)" target */ = {
			isa = PBXFileSystemSynchronizedBuildFileExceptionSet;
			membershipExceptions = (
				Info.plist,
			);
			target = 7EC43D842DB0A34A008DE1C8 /* WebTeX Extension (macOS) */;
		};
		7EC542852DB2F1EB0051C985 /* Exceptions for "Shared (Extension)" folder in "WebTeX Extension (iOS)" target */ = {
			isa = PBXFileSystemSynchronizedBuildFileExceptionSet;
			membershipExceptions = (
				PrivacyInfo.xcprivacy,
				Resources/_locales,
				Resources/background.js,
				Resources/content.js,
				Resources/images,
				Resources/katex,
				Resources/manifest.json,
				Resources/popup.css,
				Resources/popup.html,
				Resources/popup.js,
				SafariWebExtensionHandler.swift,
			);
			target = 7EC43D7A2DB0A34A008DE1C8 /* WebTeX Extension (iOS) */;
		};
		7EC542862DB2F1EB0051C985 /* Exceptions for "Shared (Extension)" folder in "WebTeX Extension (macOS)" target */ = {
			isa = PBXFileSystemSynchronizedBuildFileExceptionSet;
			membershipExceptions = (
				PrivacyInfo.xcprivacy,
				Resources/_locales,
				Resources/background.js,
				Resources/content.js,
				Resources/images,
				Resources/katex,
				Resources/manifest.json,
				Resources/popup.css,
				Resources/popup.html,
				Resources/popup.js,
				SafariWebExtensionHandler.swift,
			);
			target = 7EC43D842DB0A34A008DE1C8 /* WebTeX Extension (macOS) */;
		};
/* End PBXFileSystemSynchronizedBuildFileExceptionSet section */

/* Begin PBXFileSystemSynchronizedRootGroup section */
		7E15EEF12DB1F8B7001D236B /* Shared (Extension) */ = {
			isa = PBXFileSystemSynchronizedRootGroup;
			exceptions = (
				7EC542852DB2F1EB0051C985 /* Exceptions for "Shared (Extension)" folder in "WebTeX Extension (iOS)" target */,
				7EC542862DB2F1EB0051C985 /* Exceptions for "Shared (Extension)" folder in "WebTeX Extension (macOS)" target */,
			);
			explicitFolders = (
				Resources/_locales,
				Resources/images,
				Resources/katex,
			);
			path = "Shared (Extension)";
			sourceTree = "<group>";
		};
		7EC43D452DB0A349008DE1C8 /* Shared (App) */ = {
			isa = PBXFileSystemSynchronizedRootGroup;
			exceptions = (
				7EC43DAA2DB0A34A008DE1C8 /* Exceptions for "Shared (App)" folder in "WebTeX (iOS)" target */,
				7EC43DB42DB0A34A008DE1C8 /* Exceptions for "Shared (App)" folder in "WebTeX (macOS)" target */,
			);
			path = "Shared (App)";
			sourceTree = "<group>";
		};
		7EC43D5F2DB0A34A008DE1C8 /* iOS (App) */ = {
			isa = PBXFileSystemSynchronizedRootGroup;
			exceptions = (
				7EC43DB32DB0A34A008DE1C8 /* Exceptions for "iOS (App)" folder in "WebTeX (iOS)" target */,
			);
			path = "iOS (App)";
			sourceTree = "<group>";
		};
		7EC43D702DB0A34A008DE1C8 /* macOS (App) */ = {
			isa = PBXFileSystemSynchronizedRootGroup;
			path = "macOS (App)";
			sourceTree = "<group>";
		};
		7EC43D7F2DB0A34A008DE1C8 /* iOS (Extension) */ = {
			isa = PBXFileSystemSynchronizedRootGroup;
			exceptions = (
				7EC43DAE2DB0A34A008DE1C8 /* Exceptions for "iOS (Extension)" folder in "WebTeX Extension (iOS)" target */,
			);
			path = "iOS (Extension)";
			sourceTree = "<group>";
		};
		7EC43D892DB0A34A008DE1C8 /* macOS (Extension) */ = {
			isa = PBXFileSystemSynchronizedRootGroup;
			exceptions = (
				7EC43DB82DB0A34A008DE1C8 /* Exceptions for "macOS (Extension)" folder in "WebTeX Extension (macOS)" target */,
			);
			path = "macOS (Extension)";
			sourceTree = "<group>";
		};
/* End PBXFileSystemSynchronizedRootGroup section */

/* Begin PBXFrameworksBuildPhase section */
		7EC43D5A2DB0A34A008DE1C8 /* Frameworks */ = {
			isa = PBXFrameworksBuildPhase;
			buildActionMask = 2147483647;
			files = (
			);
			runOnlyForDeploymentPostprocessing = 0;
		};
		7EC43D6C2DB0A34A008DE1C8 /* Frameworks */ = {
			isa = PBXFrameworksBuildPhase;
			buildActionMask = 2147483647;
			files = (
			);
			runOnlyForDeploymentPostprocessing = 0;
		};
		7EC43D782DB0A34A008DE1C8 /* Frameworks */ = {
			isa = PBXFrameworksBuildPhase;
			buildActionMask = 2147483647;
			files = (
			);
			runOnlyForDeploymentPostprocessing = 0;
		};
		7EC43D822DB0A34A008DE1C8 /* Frameworks */ = {
			isa = PBXFrameworksBuildPhase;
			buildActionMask = 2147483647;
			files = (
			);
			runOnlyForDeploymentPostprocessing = 0;
		};
/* End PBXFrameworksBuildPhase section */

/* Begin PBXGroup section */
		7EC43D402DB0A349008DE1C8 = {
			isa = PBXGroup;
			children = (
				7E166F2A2DB5ED7800C5C49D /* WebTeX (iOS).entitlements */,
				7EC43D452DB0A349008DE1C8 /* Shared (App) */,
				7E15EEF12DB1F8B7001D236B /* Shared (Extension) */,
				7EC43D5F2DB0A34A008DE1C8 /* iOS (App) */,
				7EC43D702DB0A34A008DE1C8 /* macOS (App) */,
				7EC43D7F2DB0A34A008DE1C8 /* iOS (Extension) */,
				7EC43D892DB0A34A008DE1C8 /* macOS (Extension) */,
				7EC43D5E2DB0A34A008DE1C8 /* Products */,
			);
			sourceTree = "<group>";
		};
		7EC43D5E2DB0A34A008DE1C8 /* Products */ = {
			isa = PBXGroup;
			children = (
				7EC43D5D2DB0A34A008DE1C8 /* WebTeX.app */,
				7EC43D6F2DB0A34A008DE1C8 /* WebTeX.app */,
				7EC43D7B2DB0A34A008DE1C8 /* WebTeX Extension.appex */,
				7EC43D852DB0A34A008DE1C8 /* WebTeX Extension.appex */,
			);
			name = Products;
			sourceTree = "<group>";
		};
/* End PBXGroup section */

/* Begin PBXNativeTarget section */
		7EC43D5C2DB0A34A008DE1C8 /* WebTeX (iOS) */ = {
			isa = PBXNativeTarget;
			buildConfigurationList = 7EC43DB02DB0A34A008DE1C8 /* Build configuration list for PBXNativeTarget "WebTeX (iOS)" */;
			buildPhases = (
				7EC43D592DB0A34A008DE1C8 /* Sources */,
				7EC43D5A2DB0A34A008DE1C8 /* Frameworks */,
				7EC43D5B2DB0A34A008DE1C8 /* Resources */,
				7EC43DAF2DB0A34A008DE1C8 /* Embed Foundation Extensions */,
			);
			buildRules = (
			);
			dependencies = (
				7EC43D7E2DB0A34A008DE1C8 /* PBXTargetDependency */,
			);
			fileSystemSynchronizedGroups = (
				7EC43D5F2DB0A34A008DE1C8 /* iOS (App) */,
			);
			name = "WebTeX (iOS)";
			packageProductDependencies = (
			);
			productName = "WebTeX (iOS)";
			productReference = 7EC43D5D2DB0A34A008DE1C8 /* WebTeX.app */;
			productType = "com.apple.product-type.application";
		};
		7EC43D6E2DB0A34A008DE1C8 /* WebTeX (macOS) */ = {
			isa = PBXNativeTarget;
			buildConfigurationList = 7EC43DBA2DB0A34A008DE1C8 /* Build configuration list for PBXNativeTarget "WebTeX (macOS)" */;
			buildPhases = (
				7EC43D6B2DB0A34A008DE1C8 /* Sources */,
				7EC43D6C2DB0A34A008DE1C8 /* Frameworks */,
				7EC43D6D2DB0A34A008DE1C8 /* Resources */,
				7EC43DB92DB0A34A008DE1C8 /* Embed Foundation Extensions */,
			);
			buildRules = (
			);
			dependencies = (
				7EC43D882DB0A34A008DE1C8 /* PBXTargetDependency */,
			);
			fileSystemSynchronizedGroups = (
				7EC43D702DB0A34A008DE1C8 /* macOS (App) */,
			);
			name = "WebTeX (macOS)";
			packageProductDependencies = (
			);
			productName = "WebTeX (macOS)";
			productReference = 7EC43D6F2DB0A34A008DE1C8 /* WebTeX.app */;
			productType = "com.apple.product-type.application";
		};
		7EC43D7A2DB0A34A008DE1C8 /* WebTeX Extension (iOS) */ = {
			isa = PBXNativeTarget;
			buildConfigurationList = 7EC43DAB2DB0A34A008DE1C8 /* Build configuration list for PBXNativeTarget "WebTeX Extension (iOS)" */;
			buildPhases = (
				7EC43D772DB0A34A008DE1C8 /* Sources */,
				7EC43D782DB0A34A008DE1C8 /* Frameworks */,
				7EC43D792DB0A34A008DE1C8 /* Resources */,
			);
			buildRules = (
			);
			dependencies = (
			);
			fileSystemSynchronizedGroups = (
				7EC43D7F2DB0A34A008DE1C8 /* iOS (Extension) */,
			);
			name = "WebTeX Extension (iOS)";
			packageProductDependencies = (
			);
			productName = "WebTeX Extension (iOS)";
			productReference = 7EC43D7B2DB0A34A008DE1C8 /* WebTeX Extension.appex */;
			productType = "com.apple.product-type.app-extension";
		};
		7EC43D842DB0A34A008DE1C8 /* WebTeX Extension (macOS) */ = {
			isa = PBXNativeTarget;
			buildConfigurationList = 7EC43DB52DB0A34A008DE1C8 /* Build configuration list for PBXNativeTarget "WebTeX Extension (macOS)" */;
			buildPhases = (
				7EC43D812DB0A34A008DE1C8 /* Sources */,
				7EC43D822DB0A34A008DE1C8 /* Frameworks */,
				7EC43D832DB0A34A008DE1C8 /* Resources */,
			);
			buildRules = (
			);
			dependencies = (
			);
			fileSystemSynchronizedGroups = (
				7EC43D892DB0A34A008DE1C8 /* macOS (Extension) */,
			);
			name = "WebTeX Extension (macOS)";
			packageProductDependencies = (
			);
			productName = "WebTeX Extension (macOS)";
			productReference = 7EC43D852DB0A34A008DE1C8 /* WebTeX Extension.appex */;
			productType = "com.apple.product-type.app-extension";
		};
/* End PBXNativeTarget section */

/* Begin PBXProject section */
		7EC43D412DB0A349008DE1C8 /* Project object */ = {
			isa = PBXProject;
			attributes = {
				BuildIndependentTargetsInParallel = 1;
				LastSwiftUpdateCheck = 1630;
				LastUpgradeCheck = 2600;
				TargetAttributes = {
					7EC43D5C2DB0A34A008DE1C8 = {
						CreatedOnToolsVersion = 16.3;
					};
					7EC43D6E2DB0A34A008DE1C8 = {
						CreatedOnToolsVersion = 16.3;
					};
					7EC43D7A2DB0A34A008DE1C8 = {
						CreatedOnToolsVersion = 16.3;
					};
					7EC43D842DB0A34A008DE1C8 = {
						CreatedOnToolsVersion = 16.3;
					};
				};
			};
			buildConfigurationList = 7EC43D442DB0A349008DE1C8 /* Build configuration list for PBXProject "WebTeX" */;
			developmentRegion = en;
			hasScannedForEncodings = 0;
			knownRegions = (
				en,
				Base,
			);
			mainGroup = 7EC43D402DB0A349008DE1C8;
			minimizedProjectReferenceProxies = 1;
			preferredProjectObjectVersion = 77;
			productRefGroup = 7EC43D5E2DB0A34A008DE1C8 /* Products */;
			projectDirPath = "";
			projectRoot = "";
			targets = (
				7EC43D5C2DB0A34A008DE1C8 /* WebTeX (iOS) */,
				7EC43D6E2DB0A34A008DE1C8 /* WebTeX (macOS) */,
				7EC43D7A2DB0A34A008DE1C8 /* WebTeX Extension (iOS) */,
				7EC43D842DB0A34A008DE1C8 /* WebTeX Extension (macOS) */,
			);
		};
/* End PBXProject section */

/* Begin PBXResourcesBuildPhase section */
		7EC43D5B2DB0A34A008DE1C8 /* Resources */ = {
			isa = PBXResourcesBuildPhase;
			buildActionMask = 2147483647;
			files = (
			);
			runOnlyForDeploymentPostprocessing = 0;
		};
		7EC43D6D2DB0A34A008DE1C8 /* Resources */ = {
			isa = PBXResourcesBuildPhase;
			buildActionMask = 2147483647;
			files = (
			);
			runOnlyForDeploymentPostprocessing = 0;
		};
		7EC43D792DB0A34A008DE1C8 /* Resources */ = {
			isa = PBXResourcesBuildPhase;
			buildActionMask = 2147483647;
			files = (
			);
			runOnlyForDeploymentPostprocessing = 0;
		};
		7EC43D832DB0A34A008DE1C8 /* Resources */ = {
			isa = PBXResourcesBuildPhase;
			buildActionMask = 2147483647;
			files = (
			);
			runOnlyForDeploymentPostprocessing = 0;
		};
/* End PBXResourcesBuildPhase section */

/* Begin PBXSourcesBuildPhase section */
		7EC43D592DB0A34A008DE1C8 /* Sources */ = {
			isa = PBXSourcesBuildPhase;
			buildActionMask = 2147483647;
			files = (
			);
			runOnlyForDeploymentPostprocessing = 0;
		};
		7EC43D6B2DB0A34A008DE1C8 /* Sources */ = {
			isa = PBXSourcesBuildPhase;
			buildActionMask = 2147483647;
			files = (
			);
			runOnlyForDeploymentPostprocessing = 0;
		};
		7EC43D772DB0A34A008DE1C8 /* Sources */ = {
			isa = PBXSourcesBuildPhase;
			buildActionMask = 2147483647;
			files = (
			);
			runOnlyForDeploymentPostprocessing = 0;
		};
		7EC43D812DB0A34A008DE1C8 /* Sources */ = {
			isa = PBXSourcesBuildPhase;
			buildActionMask = 2147483647;
			files = (
			);
			runOnlyForDeploymentPostprocessing = 0;
		};
/* End PBXSourcesBuildPhase section */

/* Begin PBXTargetDependency section */
		7EC43D7E2DB0A34A008DE1C8 /* PBXTargetDependency */ = {
			isa = PBXTargetDependency;
			target = 7EC43D7A2DB0A34A008DE1C8 /* WebTeX Extension (iOS) */;
			targetProxy = 7EC43D7D2DB0A34A008DE1C8 /* PBXContainerItemProxy */;
		};
		7EC43D882DB0A34A008DE1C8 /* PBXTargetDependency */ = {
			isa = PBXTargetDependency;
			target = 7EC43D842DB0A34A008DE1C8 /* WebTeX Extension (macOS) */;
			targetProxy = 7EC43D872DB0A34A008DE1C8 /* PBXContainerItemProxy */;
		};
/* End PBXTargetDependency section */

/* Begin XCBuildConfiguration section */
		7EC43DAC2DB0A34A008DE1C8 /* Debug */ = {
			isa = XCBuildConfiguration;
			buildSettings = {
				CODE_SIGN_STYLE = Automatic;
				CURRENT_PROJECT_VERSION = 8;
				DEVELOPMENT_TEAM = AU4CRWP7SD;
				GENERATE_INFOPLIST_FILE = YES;
				INFOPLIST_FILE = "iOS (Extension)/Info.plist";
				INFOPLIST_KEY_CFBundleDisplayName = "WebTeX Extension";
				INFOPLIST_KEY_NSHumanReadableCopyright = "";
				IPHONEOS_DEPLOYMENT_TARGET = 17.6;
				LD_RUNPATH_SEARCH_PATHS = (
					"$(inherited)",
					"@executable_path/Frameworks",
					"@executable_path/../../Frameworks",
				);
				MARKETING_VERSION = 1.1.1;
				OTHER_LDFLAGS = (
					"-framework",
					SafariServices,
				);
				PRODUCT_BUNDLE_IDENTIFIER = me.wais.WebTeX.Extension;
				PRODUCT_NAME = "WebTeX Extension";
				SDKROOT = iphoneos;
				SKIP_INSTALL = YES;
				SWIFT_EMIT_LOC_STRINGS = YES;
				SWIFT_VERSION = 5.0;
				TARGETED_DEVICE_FAMILY = "1,2";
			};
			name = Debug;
		};
		7EC43DAD2DB0A34A008DE1C8 /* Release */ = {
			isa = XCBuildConfiguration;
			buildSettings = {
				CODE_SIGN_STYLE = Automatic;
				CURRENT_PROJECT_VERSION = 8;
				DEVELOPMENT_TEAM = AU4CRWP7SD;
				GENERATE_INFOPLIST_FILE = YES;
				INFOPLIST_FILE = "iOS (Extension)/Info.plist";
				INFOPLIST_KEY_CFBundleDisplayName = "WebTeX Extension";
				INFOPLIST_KEY_NSHumanReadableCopyright = "";
				IPHONEOS_DEPLOYMENT_TARGET = 17.6;
				LD_RUNPATH_SEARCH_PATHS = (
					"$(inherited)",
					"@executable_path/Frameworks",
					"@executable_path/../../Frameworks",
				);
				MARKETING_VERSION = 1.1.1;
				OTHER_LDFLAGS = (
					"-framework",
					SafariServices,
				);
				PRODUCT_BUNDLE_IDENTIFIER = me.wais.WebTeX.Extension;
				PRODUCT_NAME = "WebTeX Extension";
				SDKROOT = iphoneos;
				SKIP_INSTALL = YES;
				SWIFT_EMIT_LOC_STRINGS = YES;
				SWIFT_VERSION = 5.0;
				TARGETED_DEVICE_FAMILY = "1,2";
				VALIDATE_PRODUCT = YES;
			};
			name = Release;
		};
		7EC43DB12DB0A34A008DE1C8 /* Debug */ = {
			isa = XCBuildConfiguration;
			buildSettings = {
				ASSETCATALOG_COMPILER_APPICON_NAME = AppIcon;
				ASSETCATALOG_COMPILER_GLOBAL_ACCENT_COLOR_NAME = AccentColor;
				ASSETCATALOG_COMPILER_INCLUDE_ALL_APPICON_ASSETS = YES;
				CODE_SIGN_ENTITLEMENTS = "WebTeX (iOS).entitlements";
				CODE_SIGN_IDENTITY = "Apple Development";
				CODE_SIGN_STYLE = Automatic;
				CURRENT_PROJECT_VERSION = 8;
				DEVELOPMENT_TEAM = AU4CRWP7SD;
				GENERATE_INFOPLIST_FILE = YES;
				INFOPLIST_FILE = "iOS (App)/Info.plist";
				INFOPLIST_KEY_CFBundleDisplayName = WebTeX;
				INFOPLIST_KEY_LSApplicationCategoryType = "public.app-category.utilities";
				INFOPLIST_KEY_UIApplicationSupportsIndirectInputEvents = YES;
				INFOPLIST_KEY_UILaunchStoryboardName = LaunchScreen;
				INFOPLIST_KEY_UIMainStoryboardFile = Main;
				INFOPLIST_KEY_UISupportedInterfaceOrientations = UIInterfaceOrientationPortrait;
				INFOPLIST_KEY_UISupportedInterfaceOrientations_iPad = "UIInterfaceOrientationLandscapeLeft UIInterfaceOrientationLandscapeRight UIInterfaceOrientationPortrait UIInterfaceOrientationPortraitUpsideDown";
				IPHONEOS_DEPLOYMENT_TARGET = 17.6;
				LD_RUNPATH_SEARCH_PATHS = (
					"$(inherited)",
					"@executable_path/Frameworks",
				);
				MARKETING_VERSION = 1.1.1;
				OTHER_LDFLAGS = (
					"-framework",
					SafariServices,
					"-framework",
					WebKit,
				);
				PRODUCT_BUNDLE_IDENTIFIER = me.wais.WebTeX;
				PRODUCT_NAME = WebTeX;
				PROVISIONING_PROFILE_SPECIFIER = "";
				SDKROOT = iphoneos;
				SWIFT_EMIT_LOC_STRINGS = YES;
				SWIFT_VERSION = 5.0;
				TARGETED_DEVICE_FAMILY = "1,2";
			};
			name = Debug;
		};
		7EC43DB22DB0A34A008DE1C8 /* Release */ = {
			isa = XCBuildConfiguration;
			buildSettings = {
				ASSETCATALOG_COMPILER_APPICON_NAME = AppIcon;
				ASSETCATALOG_COMPILER_GLOBAL_ACCENT_COLOR_NAME = AccentColor;
				ASSETCATALOG_COMPILER_INCLUDE_ALL_APPICON_ASSETS = YES;
				CODE_SIGN_ENTITLEMENTS = "WebTeX (iOS).entitlements";
				CODE_SIGN_IDENTITY = "Apple Development";
				CODE_SIGN_STYLE = Automatic;
				CURRENT_PROJECT_VERSION = 8;
				DEVELOPMENT_TEAM = AU4CRWP7SD;
				GENERATE_INFOPLIST_FILE = YES;
				INFOPLIST_FILE = "iOS (App)/Info.plist";
				INFOPLIST_KEY_CFBundleDisplayName = WebTeX;
				INFOPLIST_KEY_LSApplicationCategoryType = "public.app-category.utilities";
				INFOPLIST_KEY_UIApplicationSupportsIndirectInputEvents = YES;
				INFOPLIST_KEY_UILaunchStoryboardName = LaunchScreen;
				INFOPLIST_KEY_UIMainStoryboardFile = Main;
				INFOPLIST_KEY_UISupportedInterfaceOrientations = UIInterfaceOrientationPortrait;
				INFOPLIST_KEY_UISupportedInterfaceOrientations_iPad = "UIInterfaceOrientationLandscapeLeft UIInterfaceOrientationLandscapeRight UIInterfaceOrientationPortrait UIInterfaceOrientationPortraitUpsideDown";
				IPHONEOS_DEPLOYMENT_TARGET = 17.6;
				LD_RUNPATH_SEARCH_PATHS = (
					"$(inherited)",
					"@executable_path/Frameworks",
				);
				MARKETING_VERSION = 1.1.1;
				OTHER_LDFLAGS = (
					"-framework",
					SafariServices,
					"-framework",
					WebKit,
				);
				PRODUCT_BUNDLE_IDENTIFIER = me.wais.WebTeX;
				PRODUCT_NAME = WebTeX;
				PROVISIONING_PROFILE_SPECIFIER = "";
				SDKROOT = iphoneos;
				SWIFT_EMIT_LOC_STRINGS = YES;
				SWIFT_VERSION = 5.0;
				TARGETED_DEVICE_FAMILY = "1,2";
				VALIDATE_PRODUCT = YES;
			};
			name = Release;
		};
		7EC43DB62DB0A34A008DE1C8 /* Debug */ = {
			isa = XCBuildConfiguration;
			buildSettings = {
				CLANG_USE_OPTIMIZATION_PROFILE = YES;
				CODE_SIGN_ENTITLEMENTS = "macOS (Extension)/WebTeX.entitlements";
				"CODE_SIGN_IDENTITY[sdk=macosx*]" = "Apple Development";
				CODE_SIGN_STYLE = Automatic;
				CURRENT_PROJECT_VERSION = 8;
				DEAD_CODE_STRIPPING = YES;
				DEVELOPMENT_TEAM = AU4CRWP7SD;
				ENABLE_APP_SANDBOX = YES;
				ENABLE_HARDENED_RUNTIME = YES;
				ENABLE_USER_SELECTED_FILES = readonly;
				GENERATE_INFOPLIST_FILE = YES;
				INFOPLIST_FILE = "macOS (Extension)/Info.plist";
				INFOPLIST_KEY_CFBundleDisplayName = "WebTeX Extension";
				INFOPLIST_KEY_NSHumanReadableCopyright = "";
				LD_RUNPATH_SEARCH_PATHS = (
					"$(inherited)",
					"@executable_path/../Frameworks",
					"@executable_path/../../../../Frameworks",
				);
				MACOSX_DEPLOYMENT_TARGET = 14.6;
				MARKETING_VERSION = 1.1.1;
				OTHER_LDFLAGS = (
					"-framework",
					SafariServices,
				);
				PRODUCT_BUNDLE_IDENTIFIER = me.wais.WebTeX.Extension;
				PRODUCT_NAME = "WebTeX Extension";
				SDKROOT = macosx;
				SKIP_INSTALL = YES;
				SWIFT_EMIT_LOC_STRINGS = YES;
				SWIFT_VERSION = 5.0;
			};
			name = Debug;
		};
		7EC43DB72DB0A34A008DE1C8 /* Release */ = {
			isa = XCBuildConfiguration;
			buildSettings = {
				CLANG_USE_OPTIMIZATION_PROFILE = YES;
				CODE_SIGN_ENTITLEMENTS = "macOS (Extension)/WebTeX.entitlements";
				"CODE_SIGN_IDENTITY[sdk=macosx*]" = "Apple Development";
				CODE_SIGN_STYLE = Automatic;
				CURRENT_PROJECT_VERSION = 8;
				DEAD_CODE_STRIPPING = YES;
				DEVELOPMENT_TEAM = AU4CRWP7SD;
				ENABLE_APP_SANDBOX = YES;
				ENABLE_HARDENED_RUNTIME = YES;
				ENABLE_USER_SELECTED_FILES = readonly;
				GENERATE_INFOPLIST_FILE = YES;
				INFOPLIST_FILE = "macOS (Extension)/Info.plist";
				INFOPLIST_KEY_CFBundleDisplayName = "WebTeX Extension";
				INFOPLIST_KEY_NSHumanReadableCopyright = "";
				LD_RUNPATH_SEARCH_PATHS = (
					"$(inherited)",
					"@executable_path/../Frameworks",
					"@executable_path/../../../../Frameworks",
				);
				MACOSX_DEPLOYMENT_TARGET = 14.6;
				MARKETING_VERSION = 1.1.1;
				OTHER_LDFLAGS = (
					"-framework",
					SafariServices,
				);
				PRODUCT_BUNDLE_IDENTIFIER = me.wais.WebTeX.Extension;
				PRODUCT_NAME = "WebTeX Extension";
				SDKROOT = macosx;
				SKIP_INSTALL = YES;
				SWIFT_EMIT_LOC_STRINGS = YES;
				SWIFT_VERSION = 5.0;
			};
			name = Release;
		};
		7EC43DBB2DB0A34A008DE1C8 /* Debug */ = {
			isa = XCBuildConfiguration;
			buildSettings = {
				ASSETCATALOG_COMPILER_APPICON_NAME = AppIcon;
				ASSETCATALOG_COMPILER_GLOBAL_ACCENT_COLOR_NAME = AccentColor;
				ASSETCATALOG_COMPILER_INCLUDE_ALL_APPICON_ASSETS = YES;
				CLANG_USE_OPTIMIZATION_PROFILE = YES;
				CODE_SIGN_ENTITLEMENTS = "macOS (App)/WebTeX.entitlements";
				"CODE_SIGN_IDENTITY[sdk=macosx*]" = "Apple Development";
				CODE_SIGN_STYLE = Automatic;
				CURRENT_PROJECT_VERSION = 8;
				DEAD_CODE_STRIPPING = YES;
				DEVELOPMENT_TEAM = AU4CRWP7SD;
				ENABLE_APP_SANDBOX = YES;
				ENABLE_HARDENED_RUNTIME = YES;
				ENABLE_OUTGOING_NETWORK_CONNECTIONS = YES;
				ENABLE_USER_SELECTED_FILES = readonly;
				GENERATE_INFOPLIST_FILE = YES;
				INFOPLIST_KEY_CFBundleDisplayName = WebTeX;
				INFOPLIST_KEY_LSApplicationCategoryType = "public.app-category.utilities";
				INFOPLIST_KEY_NSMainStoryboardFile = Main;
				INFOPLIST_KEY_NSPrincipalClass = NSApplication;
				LD_RUNPATH_SEARCH_PATHS = (
					"$(inherited)",
					"@executable_path/../Frameworks",
				);
				MACOSX_DEPLOYMENT_TARGET = 14.6;
				MARKETING_VERSION = 1.1.1;
				OTHER_LDFLAGS = (
					"-framework",
					SafariServices,
					"-framework",
					WebKit,
				);
				PRODUCT_BUNDLE_IDENTIFIER = me.wais.WebTeX;
				PRODUCT_NAME = WebTeX;
				REGISTER_APP_GROUPS = YES;
				SDKROOT = macosx;
				SWIFT_EMIT_LOC_STRINGS = YES;
				SWIFT_VERSION = 5.0;
			};
			name = Debug;
		};
		7EC43DBC2DB0A34A008DE1C8 /* Release */ = {
			isa = XCBuildConfiguration;
			buildSettings = {
				ASSETCATALOG_COMPILER_APPICON_NAME = AppIcon;
				ASSETCATALOG_COMPILER_GLOBAL_ACCENT_COLOR_NAME = AccentColor;
				ASSETCATALOG_COMPILER_INCLUDE_ALL_APPICON_ASSETS = YES;
				CLANG_USE_OPTIMIZATION_PROFILE = YES;
				CODE_SIGN_ENTITLEMENTS = "macOS (App)/WebTeX.entitlements";
				"CODE_SIGN_IDENTITY[sdk=macosx*]" = "Apple Development";
				CODE_SIGN_STYLE = Automatic;
				CURRENT_PROJECT_VERSION = 8;
				DEAD_CODE_STRIPPING = YES;
				DEVELOPMENT_TEAM = AU4CRWP7SD;
				ENABLE_APP_SANDBOX = YES;
				ENABLE_HARDENED_RUNTIME = YES;
				ENABLE_OUTGOING_NETWORK_CONNECTIONS = YES;
				ENABLE_USER_SELECTED_FILES = readonly;
				GENERATE_INFOPLIST_FILE = YES;
				INFOPLIST_KEY_CFBundleDisplayName = WebTeX;
				INFOPLIST_KEY_LSApplicationCategoryType = "public.app-category.utilities";
				INFOPLIST_KEY_NSMainStoryboardFile = Main;
				INFOPLIST_KEY_NSPrincipalClass = NSApplication;
				LD_RUNPATH_SEARCH_PATHS = (
					"$(inherited)",
					"@executable_path/../Frameworks",
				);
				MACOSX_DEPLOYMENT_TARGET = 14.6;
				MARKETING_VERSION = 1.1.1;
				OTHER_LDFLAGS = (
					"-framework",
					SafariServices,
					"-framework",
					WebKit,
				);
				PRODUCT_BUNDLE_IDENTIFIER = me.wais.WebTeX;
				PRODUCT_NAME = WebTeX;
				REGISTER_APP_GROUPS = YES;
				SDKROOT = macosx;
				SWIFT_EMIT_LOC_STRINGS = YES;
				SWIFT_VERSION = 5.0;
			};
			name = Release;
		};
		7EC43DBF2DB0A34A008DE1C8 /* Debug */ = {
			isa = XCBuildConfiguration;
			buildSettings = {
				ALWAYS_SEARCH_USER_PATHS = NO;
				ASSETCATALOG_COMPILER_GENERATE_SWIFT_ASSET_SYMBOL_EXTENSIONS = YES;
				CLANG_ANALYZER_NONNULL = YES;
				CLANG_ANALYZER_NUMBER_OBJECT_CONVERSION = YES_AGGRESSIVE;
				CLANG_CXX_LANGUAGE_STANDARD = "gnu++20";
				CLANG_ENABLE_MODULES = YES;
				CLANG_ENABLE_OBJC_ARC = YES;
				CLANG_ENABLE_OBJC_WEAK = YES;
				CLANG_WARN_BLOCK_CAPTURE_AUTORELEASING = YES;
				CLANG_WARN_BOOL_CONVERSION = YES;
				CLANG_WARN_COMMA = YES;
				CLANG_WARN_CONSTANT_CONVERSION = YES;
				CLANG_WARN_DEPRECATED_OBJC_IMPLEMENTATIONS = YES;
				CLANG_WARN_DIRECT_OBJC_ISA_USAGE = YES_ERROR;
				CLANG_WARN_DOCUMENTATION_COMMENTS = YES;
				CLANG_WARN_EMPTY_BODY = YES;
				CLANG_WARN_ENUM_CONVERSION = YES;
				CLANG_WARN_INFINITE_RECURSION = YES;
				CLANG_WARN_INT_CONVERSION = YES;
				CLANG_WARN_NON_LITERAL_NULL_CONVERSION = YES;
				CLANG_WARN_OBJC_IMPLICIT_RETAIN_SELF = YES;
				CLANG_WARN_OBJC_LITERAL_CONVERSION = YES;
				CLANG_WARN_OBJC_ROOT_CLASS = YES_ERROR;
				CLANG_WARN_QUOTED_INCLUDE_IN_FRAMEWORK_HEADER = YES;
				CLANG_WARN_RANGE_LOOP_ANALYSIS = YES;
				CLANG_WARN_STRICT_PROTOTYPES = YES;
				CLANG_WARN_SUSPICIOUS_MOVE = YES;
				CLANG_WARN_UNGUARDED_AVAILABILITY = YES_AGGRESSIVE;
				CLANG_WARN_UNREACHABLE_CODE = YES;
				CLANG_WARN__DUPLICATE_METHOD_MATCH = YES;
				COPY_PHASE_STRIP = NO;
				DEAD_CODE_STRIPPING = YES;
				DEBUG_INFORMATION_FORMAT = dwarf;
				DEVELOPMENT_TEAM = AU4CRWP7SD;
				ENABLE_STRICT_OBJC_MSGSEND = YES;
				ENABLE_TESTABILITY = YES;
				ENABLE_USER_SCRIPT_SANDBOXING = YES;
				GCC_C_LANGUAGE_STANDARD = gnu17;
				GCC_DYNAMIC_NO_PIC = NO;
				GCC_NO_COMMON_BLOCKS = YES;
				GCC_OPTIMIZATION_LEVEL = 0;
				GCC_PREPROCESSOR_DEFINITIONS = (
					"DEBUG=1",
					"$(inherited)",
				);
				GCC_WARN_64_TO_32_BIT_CONVERSION = YES;
				GCC_WARN_ABOUT_RETURN_TYPE = YES_ERROR;
				GCC_WARN_UNDECLARED_SELECTOR = YES;
				GCC_WARN_UNINITIALIZED_AUTOS = YES_AGGRESSIVE;
				GCC_WARN_UNUSED_FUNCTION = YES;
				GCC_WARN_UNUSED_VARIABLE = YES;
				LOCALIZATION_PREFERS_STRING_CATALOGS = YES;
				MTL_ENABLE_DEBUG_INFO = INCLUDE_SOURCE;
				MTL_FAST_MATH = YES;
				ONLY_ACTIVE_ARCH = YES;
				STRING_CATALOG_GENERATE_SYMBOLS = YES;
				SWIFT_ACTIVE_COMPILATION_CONDITIONS = "DEBUG $(inherited)";
				SWIFT_OPTIMIZATION_LEVEL = "-Onone";
			};
			name = Debug;
		};
		7EC43DC02DB0A34A008DE1C8 /* Release */ = {
			isa = XCBuildConfiguration;
			buildSettings = {
				ALWAYS_SEARCH_USER_PATHS = NO;
				ASSETCATALOG_COMPILER_GENERATE_SWIFT_ASSET_SYMBOL_EXTENSIONS = YES;
				CLANG_ANALYZER_NONNULL = YES;
				CLANG_ANALYZER_NUMBER_OBJECT_CONVERSION = YES_AGGRESSIVE;
				CLANG_CXX_LANGUAGE_STANDARD = "gnu++20";
				CLANG_ENABLE_MODULES = YES;
				CLANG_ENABLE_OBJC_ARC = YES;
				CLANG_ENABLE_OBJC_WEAK = YES;
				CLANG_WARN_BLOCK_CAPTURE_AUTORELEASING = YES;
				CLANG_WARN_BOOL_CONVERSION = YES;
				CLANG_WARN_COMMA = YES;
				CLANG_WARN_CONSTANT_CONVERSION = YES;
				CLANG_WARN_DEPRECATED_OBJC_IMPLEMENTATIONS = YES;
				CLANG_WARN_DIRECT_OBJC_ISA_USAGE = YES_ERROR;
				CLANG_WARN_DOCUMENTATION_COMMENTS = YES;
				CLANG_WARN_EMPTY_BODY = YES;
				CLANG_WARN_ENUM_CONVERSION = YES;
				CLANG_WARN_INFINITE_RECURSION = YES;
				CLANG_WARN_INT_CONVERSION = YES;
				CLANG_WARN_NON_LITERAL_NULL_CONVERSION = YES;
				CLANG_WARN_OBJC_IMPLICIT_RETAIN_SELF = YES;
				CLANG_WARN_OBJC_LITERAL_CONVERSION = YES;
				CLANG_WARN_OBJC_ROOT_CLASS = YES_ERROR;
				CLANG_WARN_QUOTED_INCLUDE_IN_FRAMEWORK_HEADER = YES;
				CLANG_WARN_RANGE_LOOP_ANALYSIS = YES;
				CLANG_WARN_STRICT_PROTOTYPES = YES;
				CLANG_WARN_SUSPICIOUS_MOVE = YES;
				CLANG_WARN_UNGUARDED_AVAILABILITY = YES_AGGRESSIVE;
				CLANG_WARN_UNREACHABLE_CODE = YES;
				CLANG_WARN__DUPLICATE_METHOD_MATCH = YES;
				COPY_PHASE_STRIP = NO;
				DEAD_CODE_STRIPPING = YES;
				DEBUG_INFORMATION_FORMAT = "dwarf-with-dsym";
				DEVELOPMENT_TEAM = AU4CRWP7SD;
				ENABLE_NS_ASSERTIONS = NO;
				ENABLE_STRICT_OBJC_MSGSEND = YES;
				ENABLE_USER_SCRIPT_SANDBOXING = YES;
				GCC_C_LANGUAGE_STANDARD = gnu17;
				GCC_NO_COMMON_BLOCKS = YES;
				GCC_WARN_64_TO_32_BIT_CONVERSION = YES;
				GCC_WARN_ABOUT_RETURN_TYPE = YES_ERROR;
				GCC_WARN_UNDECLARED_SELECTOR = YES;
				GCC_WARN_UNINITIALIZED_AUTOS = YES_AGGRESSIVE;
				GCC_WARN_UNUSED_FUNCTION = YES;
				GCC_WARN_UNUSED_VARIABLE = YES;
				LOCALIZATION_PREFERS_STRING_CATALOGS = YES;
				MTL_ENABLE_DEBUG_INFO = NO;
				MTL_FAST_MATH = YES;
				STRING_CATALOG_GENERATE_SYMBOLS = YES;
				SWIFT_COMPILATION_MODE = wholemodule;
			};
			name = Release;
		};
/* End XCBuildConfiguration section */

/* Begin XCConfigurationList section */
		7EC43D442DB0A349008DE1C8 /* Build configuration list for PBXProject "WebTeX" */ = {
			isa = XCConfigurationList;
			buildConfigurations = (
				7EC43DBF2DB0A34A008DE1C8 /* Debug */,
				7EC43DC02DB0A34A008DE1C8 /* Release */,
			);
			defaultConfigurationIsVisible = 0;
			defaultConfigurationName = Release;
		};
		7EC43DAB2DB0A34A008DE1C8 /* Build configuration list for PBXNativeTarget "WebTeX Extension (iOS)" */ = {
			isa = XCConfigurationList;
			buildConfigurations = (
				7EC43DAC2DB0A34A008DE1C8 /* Debug */,
				7EC43DAD2DB0A34A008DE1C8 /* Release */,
			);
			defaultConfigurationIsVisible = 0;
			defaultConfigurationName = Release;
		};
		7EC43DB02DB0A34A008DE1C8 /* Build configuration list for PBXNativeTarget "WebTeX (iOS)" */ = {
			isa = XCConfigurationList;
			buildConfigurations = (
				7EC43DB12DB0A34A008DE1C8 /* Debug */,
				7EC43DB22DB0A34A008DE1C8 /* Release */,
			);
			defaultConfigurationIsVisible = 0;
			defaultConfigurationName = Release;
		};
		7EC43DB52DB0A34A008DE1C8 /* Build configuration list for PBXNativeTarget "WebTeX Extension (macOS)" */ = {
			isa = XCConfigurationList;
			buildConfigurations = (
				7EC43DB62DB0A34A008DE1C8 /* Debug */,
				7EC43DB72DB0A34A008DE1C8 /* Release */,
			);
			defaultConfigurationIsVisible = 0;
			defaultConfigurationName = Release;
		};
		7EC43DBA2DB0A34A008DE1C8 /* Build configuration list for PBXNativeTarget "WebTeX (macOS)" */ = {
			isa = XCConfigurationList;
			buildConfigurations = (
				7EC43DBB2DB0A34A008DE1C8 /* Debug */,
				7EC43DBC2DB0A34A008DE1C8 /* Release */,
			);
			defaultConfigurationIsVisible = 0;
			defaultConfigurationName = Release;
		};
/* End XCConfigurationList section */
	};
	rootObject = 7EC43D412DB0A349008DE1C8 /* Project object */;
}
